
Microsoft Visual Studio Solution File, Format Version 12.00
# Visual Studio Version 16
VisualStudioVersion = 16.0.30204.135
MinimumVisualStudioVersion = 10.0.40219.1
Project("{FAE04EC0-301F-11D3-BF4B-00C04F79EFBC}") = "VSRO_TELEPORT_EDITOR", "VSRO_TELEPORT_EDITOR\VSRO_TELEPORT_EDITOR.csproj", "{39A523FA-90BB-4B45-B086-EAA0C53A8C6F}"
EndProject
Global
	GlobalSection(SolutionConfigurationPlatforms) = preSolution
		Debug|Any CPU = Debug|Any CPU
		Release|Any CPU = Release|Any CPU
	EndGlobalSection
	GlobalSection(ProjectConfigurationPlatforms) = postSolution
		{39A523FA-90BB-4B45-B086-EAA0C53A8C6F}.Debug|Any CPU.ActiveCfg = Debug|Any CPU
		{39A523FA-90BB-4B45-B086-EAA0C53A8C6F}.Debug|Any CPU.Build.0 = Debug|Any CPU
		{39A523FA-90BB-4B45-B086-EAA0C53A8C6F}.Release|Any CPU.ActiveCfg = Release|Any CPU
		{39A523FA-90BB-4B45-B086-EAA0C53A8C6F}.Release|Any CPU.Build.0 = Release|Any CPU
	EndGlobalSection
	GlobalSection(SolutionProperties) = preSolution
		HideSolutionNode = FALSE
	EndGlobalSection
	GlobalSection(ExtensibilityGlobals) = postSolution
		SolutionGuid = {3B6E3FC9-4285-444A-99DC-645A7507EB82}
	EndGlobalSection
EndGlobal
